
Microsoft Visual Studio Solution File, Format Version 12.00
# Visual Studio Version 17
VisualStudioVersion = 17.7.34024.191
MinimumVisualStudioVersion = 10.0.40219.1
Project("{FAE04EC0-301F-11D3-BF4B-00C04F79EFBC}") = "APP_DEV", "APP_DEV\APP_DEV.csproj", "{F61F6135-3F67-4BE1-9EBC-15FE562E345E}"
EndProject
Global
	GlobalSection(SolutionConfigurationPlatforms) = preSolution
		Debug|Any CPU = Debug|Any CPU
		Release|Any CPU = Release|Any CPU
	EndGlobalSection
	GlobalSection(ProjectConfigurationPlatforms) = postSolution
		{F61F6135-3F67-4BE1-9EBC-15FE562E345E}.Debug|Any CPU.ActiveCfg = Debug|Any CPU
		{F61F6135-3F67-4BE1-9EBC-15FE562E345E}.Debug|Any CPU.Build.0 = Debug|Any CPU
		{F61F6135-3F67-4BE1-9EBC-15FE562E345E}.Release|Any CPU.ActiveCfg = Release|Any CPU
		{F61F6135-3F67-4BE1-9EBC-15FE562E345E}.Release|Any CPU.Build.0 = Release|Any CPU
	EndGlobalSection
	GlobalSection(SolutionProperties) = preSolution
		HideSolutionNode = FALSE
	EndGlobalSection
	GlobalSection(ExtensibilityGlobals) = postSolution
		SolutionGuid = {596DE3ED-E2A2-403B-8E8A-B82664423C3F}
	EndGlobalSection
EndGlobal
